<?xml version="1.0" encoding="utf-8"?>
<Project ToolsVersion="4.0" xmlns="http://schemas.microsoft.com/developer/msbuild/2003">
  <ItemGroup>
    <ClCompile Include="alt_fpga_manager.c">
      <Filter>altera_libs</Filter>
    </ClCompile>
    <ClCompile Include="dir.cpp">
      <Filter>aux\functions</Filter>
    </ClCompile>
    <ClCompile Include="FPGA_mgr.cpp">
      <Filter>aux\classes</Filter>
    </ClCompile>
    <ClCompile Include="print_vect.cpp">
      <Filter>aux\functions</Filter>
    </ClCompile>
    <ClCompile Include="printm.cpp">
      <Filter>aux\functions</Filter>
    </ClCompile>
    <ClCompile Include="file_buffer.cpp">
      <Filter>aux\classes</Filter>
    </ClCompile>
    <ClCompile Include="initializer.cpp">
      <Filter>aux\classes</Filter>
    </ClCompile>
    <ClCompile Include="benchmark.cpp">
      <Filter>aux\classes</Filter>
    </ClCompile>
    <ClCompile Include="main.cpp" />
    <ClCompile Include="IO_mgr.cpp">
      <Filter>aux\classes</Filter>
    </ClCompile>
    <ClCompile Include="context_aware_unit.cpp">
      <Filter>aux\classes</Filter>
    </ClCompile>
    <ClCompile Include="fixdt.cpp">
      <Filter>aux\functions</Filter>
    </ClCompile>
    <ClCompile Include="wst.cpp">
      <Filter>aux\classes</Filter>
    </ClCompile>
    <ClCompile Include="Classifier.cpp">
      <Filter>aux\classes</Filter>
    </ClCompile>
    <ClCompile Include="statistics.cpp">
      <Filter>aux\functions</Filter>
    </ClCompile>
  </ItemGroup>
  <ItemGroup>
    <ClInclude Include="alt_fpga_manager.h">
      <Filter>altera_libs</Filter>
    </ClInclude>
    <ClInclude Include="alt_fpgamgr.h">
      <Filter>altera_libs</Filter>
    </ClInclude>
    <ClInclude Include="alt_printf.h">
      <Filter>altera_libs</Filter>
    </ClInclude>
    <ClInclude Include="hwlib.h">
      <Filter>altera_libs</Filter>
    </ClInclude>
    <ClInclude Include="hps.h">
      <Filter>altera_libs</Filter>
    </ClInclude>
    <ClInclude Include="socal.h">
      <Filter>altera_libs</Filter>
    </ClInclude>
    <ClInclude Include="dir.h">
      <Filter>aux\functions</Filter>
    </ClInclude>
    <ClInclude Include="paths.h">
      <Filter>misc</Filter>
    </ClInclude>
    <ClInclude Include="FPGA_mgr.h">
      <Filter>aux\classes</Filter>
    </ClInclude>
    <ClInclude Include="print_vect.h">
      <Filter>aux\functions</Filter>
    </ClInclude>
    <ClInclude Include="printm.h">
      <Filter>aux\functions</Filter>
    </ClInclude>
    <ClInclude Include="file_buffer.h">
      <Filter>aux\classes</Filter>
    </ClInclude>
    <ClInclude Include="initializer.h">
      <Filter>aux\classes</Filter>
    </ClInclude>
    <ClInclude Include="benchmark.h">
      <Filter>aux\classes</Filter>
    </ClInclude>
    <ClInclude Include="IO_mgr.h">
      <Filter>aux\classes</Filter>
    </ClInclude>
    <ClInclude Include="adresses.h">
      <Filter>misc</Filter>
    </ClInclude>
    <ClInclude Include="context_aware_unit.h">
      <Filter>aux\classes</Filter>
    </ClInclude>
    <ClInclude Include="config.h">
      <Filter>misc</Filter>
    </ClInclude>
    <ClInclude Include="fixdt.h">
      <Filter>aux\functions</Filter>
    </ClInclude>
    <ClInclude Include="wst.h">
      <Filter>aux\classes</Filter>
    </ClInclude>
    <ClInclude Include="Classifier.h">
      <Filter>aux\classes</Filter>
    </ClInclude>
    <ClInclude Include="statistics.h">
      <Filter>aux\functions</Filter>
    </ClInclude>
  </ItemGroup>
  <ItemGroup>
    <Filter Include="altera_libs">
      <UniqueIdentifier>{c24da706-75aa-4e74-826a-b3b539566cdf}</UniqueIdentifier>
    </Filter>
    <Filter Include="aux">
      <UniqueIdentifier>{9c10082c-83ec-406e-997a-a079763f5d42}</UniqueIdentifier>
    </Filter>
    <Filter Include="aux\classes">
      <UniqueIdentifier>{a88336e1-6d82-46d2-90b5-5abbf4750f38}</UniqueIdentifier>
    </Filter>
    <Filter Include="aux\functions">
      <UniqueIdentifier>{ff629985-f4bd-49a7-9bac-8b599f63a29b}</UniqueIdentifier>
    </Filter>
    <Filter Include="aux\libs">
      <UniqueIdentifier>{629fb8e9-ebc8-44de-8686-e7b341160811}</UniqueIdentifier>
    </Filter>
    <Filter Include="misc">
      <UniqueIdentifier>{342c0ee4-0def-4063-8236-5c90b03655b3}</UniqueIdentifier>
    </Filter>
  </ItemGroup>
</Project>